PODS:
  - InteractiveCircularMenu (0.1.1)

DEPENDENCIES:
  - InteractiveCircularMenu (from `../`)

EXTERNAL SOURCES:
  InteractiveCircularMenu:
    :path: "../"

SPEC CHECKSUMS:
  InteractiveCircularMenu: db7a8a72f9a7bc275070ba819c579b81427aedff

PODFILE CHECKSUM: 0e6f9125e8cfebb9fdda8cde30e2a61984d2ac19

COCOAPODS: 1.5.3
